// !$*UTF8*$!
{
	archiveVersion = 1;
	classes = {
	};
	objectVersion = 48;
	objects = {

/* Begin PBXBuildFile section */
		1ABDE9832071BE0900638A16 /* AppDelegate.m in Sources */ = {isa = PBXBuildFile; fileRef = 1ABDE9822071BE0900638A16 /* AppDelegate.m */; };
		1ABDE9862071BE0A00638A16 /* ViewController.m in Sources */ = {isa = PBXBuildFile; fileRef = 1ABDE9852071BE0A00638A16 /* ViewController.m */; };
		1ABDE9892071BE0A00638A16 /* Main.storyboard in Resources */ = {isa = PBXBuildFile; fileRef = 1ABDE9872071BE0A00638A16 /* Main.storyboard */; };
		1ABDE98B2071BE0A00638A16 /* Assets.xcassets in Resources */ = {isa = PBXBuildFile; fileRef = 1ABDE98A2071BE0A00638A16 /* Assets.xcassets */; };
		1ABDE98E2071BE0A00638A16 /* LaunchScreen.storyboard in Resources */ = {isa = PBXBuildFile; fileRef = 1ABDE98C2071BE0A00638A16 /* LaunchScreen.storyboard */; };
		1ABDE9912071BE0A00638A16 /* main.m in Sources */ = {isa = PBXBuildFile; fileRef = 1ABDE9902071BE0A00638A16 /* main.m */; };
		1ABDE99B2071BE0A00638A16 /* XQProjectToolTests.m in Sources */ = {isa = PBXBuildFile; fileRef = 1ABDE99A2071BE0A00638A16 /* XQProjectToolTests.m */; };
		1ABDE9A62071BE0A00638A16 /* XQProjectToolUITests.m in Sources */ = {isa = PBXBuildFile; fileRef = 1ABDE9A52071BE0A00638A16 /* XQProjectToolUITests.m */; };
		9627470FA4D7D964C980363C /* Pods_XQProjectTool.framework in Frameworks */ = {isa = PBXBuildFile; fileRef = E27E9247189B89183582694E /* Pods_XQProjectTool.framework */; };
		A444A03622EEBCFB00333E6A /* XQIOSDevice.m in Sources */ = {isa = PBXBuildFile; fileRef = A444A01022EEBCFB00333E6A /* XQIOSDevice.m */; };
		A444A03722EEBCFB00333E6A /* XQGetAppInfo.m in Sources */ = {isa = PBXBuildFile; fileRef = A444A01422EEBCFB00333E6A /* XQGetAppInfo.m */; };
		A444A03822EEBCFB00333E6A /* XQPermissionJudge.m in Sources */ = {isa = PBXBuildFile; fileRef = A444A01722EEBCFB00333E6A /* XQPermissionJudge.m */; };
		A444A03922EEBCFB00333E6A /* XQCustomSheetAlertView.m in Sources */ = {isa = PBXBuildFile; fileRef = A444A01B22EEBCFB00333E6A /* XQCustomSheetAlertView.m */; };
		A444A03A22EEBCFB00333E6A /* XQCustomAlertView.m in Sources */ = {isa = PBXBuildFile; fileRef = A444A01D22EEBCFB00333E6A /* XQCustomAlertView.m */; };
		A444A03B22EEBCFB00333E6A /* XQCustomSheetAlertViewCell.m in Sources */ = {isa = PBXBuildFile; fileRef = A444A02122EEBCFB00333E6A /* XQCustomSheetAlertViewCell.m */; };
		A444A03C22EEBCFB00333E6A /* XQCustomSheetAlertViewCell.xib in Resources */ = {isa = PBXBuildFile; fileRef = A444A02222EEBCFB00333E6A /* XQCustomSheetAlertViewCell.xib */; };
		A444A03D22EEBCFB00333E6A /* XQCustomSheetAlertTopView.m in Sources */ = {isa = PBXBuildFile; fileRef = A444A02322EEBCFB00333E6A /* XQCustomSheetAlertTopView.m */; };
		A444A03E22EEBCFB00333E6A /* XQCustomAlertView.xib in Resources */ = {isa = PBXBuildFile; fileRef = A444A02522EEBCFB00333E6A /* XQCustomAlertView.xib */; };
		A444A03F22EEBCFB00333E6A /* XQCustomSheetAlertFooterView.m in Sources */ = {isa = PBXBuildFile; fileRef = A444A02622EEBCFB00333E6A /* XQCustomSheetAlertFooterView.m */; };
		A444A04022EEBCFB00333E6A /* UINavigationBar+ChangeBackColor.m in Sources */ = {isa = PBXBuildFile; fileRef = A444A02A22EEBCFB00333E6A /* UINavigationBar+ChangeBackColor.m */; };
		A444A04122EEBCFB00333E6A /* XQSuspensionView.m in Sources */ = {isa = PBXBuildFile; fileRef = A444A02D22EEBCFB00333E6A /* XQSuspensionView.m */; };
		A444A04222EEBCFB00333E6A /* XQSuspensionViewTool.m in Sources */ = {isa = PBXBuildFile; fileRef = A444A02E22EEBCFB00333E6A /* XQSuspensionViewTool.m */; };
		A444A04322EEBCFB00333E6A /* XQSystemAlert.m in Sources */ = {isa = PBXBuildFile; fileRef = A444A03122EEBCFB00333E6A /* XQSystemAlert.m */; };
		A444A04422EEBCFB00333E6A /* XQDirectionButton.m in Sources */ = {isa = PBXBuildFile; fileRef = A444A03422EEBCFB00333E6A /* XQDirectionButton.m */; };
/* End PBXBuildFile section */

/* Begin PBXContainerItemProxy section */
		1ABDE9972071BE0A00638A16 /* PBXContainerItemProxy */ = {
			isa = PBXContainerItemProxy;
			containerPortal = 1ABDE9762071BE0900638A16 /* Project object */;
			proxyType = 1;
			remoteGlobalIDString = 1ABDE97D2071BE0900638A16;
			remoteInfo = XQProjectTool;
		};
		1ABDE9A22071BE0A00638A16 /* PBXContainerItemProxy */ = {
			isa = PBXContainerItemProxy;
			containerPortal = 1ABDE9762071BE0900638A16 /* Project object */;
			proxyType = 1;
			remoteGlobalIDString = 1ABDE97D2071BE0900638A16;
			remoteInfo = XQProjectTool;
		};
/* End PBXContainerItemProxy section */

/* Begin PBXFileReference section */
		1ABDE97E2071BE0900638A16 /* XQProjectTool.app */ = {isa = PBXFileReference; explicitFileType = wrapper.application; includeInIndex = 0; path = XQProjectTool.app; sourceTree = BUILT_PRODUCTS_DIR; };
		1ABDE9812071BE0900638A16 /* AppDelegate.h */ = {isa = PBXFileReference; lastKnownFileType = sourcecode.c.h; path = AppDelegate.h; sourceTree = "<group>"; };
		1ABDE9822071BE0900638A16 /* AppDelegate.m */ = {isa = PBXFileReference; lastKnownFileType = sourcecode.c.objc; path = AppDelegate.m; sourceTree = "<group>"; };
		1ABDE9842071BE0900638A16 /* ViewController.h */ = {isa = PBXFileReference; lastKnownFileType = sourcecode.c.h; path = ViewController.h; sourceTree = "<group>"; };
		1ABDE9852071BE0A00638A16 /* ViewController.m */ = {isa = PBXFileReference; lastKnownFileType = sourcecode.c.objc; path = ViewController.m; sourceTree = "<group>"; };
		1ABDE9882071BE0A00638A16 /* Base */ = {isa = PBXFileReference; lastKnownFileType = file.storyboard; name = Base; path = Base.lproj/Main.storyboard; sourceTree = "<group>"; };
		1ABDE98A2071BE0A00638A16 /* Assets.xcassets */ = {isa = PBXFileReference; lastKnownFileType = folder.assetcatalog; path = Assets.xcassets; sourceTree = "<group>"; };
		1ABDE98D2071BE0A00638A16 /* Base */ = {isa = PBXFileReference; lastKnownFileType = file.storyboard; name = Base; path = Base.lproj/LaunchScreen.storyboard; sourceTree = "<group>"; };
		1ABDE98F2071BE0A00638A16 /* Info.plist */ = {isa = PBXFileReference; lastKnownFileType = text.plist.xml; path = Info.plist; sourceTree = "<group>"; };
		1ABDE9902071BE0A00638A16 /* main.m */ = {isa = PBXFileReference; lastKnownFileType = sourcecode.c.objc; path = main.m; sourceTree = "<group>"; };
		1ABDE9962071BE0A00638A16 /* XQProjectToolTests.xctest */ = {isa = PBXFileReference; explicitFileType = wrapper.cfbundle; includeInIndex = 0; path = XQProjectToolTests.xctest; sourceTree = BUILT_PRODUCTS_DIR; };
		1ABDE99A2071BE0A00638A16 /* XQProjectToolTests.m */ = {isa = PBXFileReference; lastKnownFileType = sourcecode.c.objc; path = XQProjectToolTests.m; sourceTree = "<group>"; };
		1ABDE99C2071BE0A00638A16 /* Info.plist */ = {isa = PBXFileReference; lastKnownFileType = text.plist.xml; path = Info.plist; sourceTree = "<group>"; };
		1ABDE9A12071BE0A00638A16 /* XQProjectToolUITests.xctest */ = {isa = PBXFileReference; explicitFileType = wrapper.cfbundle; includeInIndex = 0; path = XQProjectToolUITests.xctest; sourceTree = BUILT_PRODUCTS_DIR; };
		1ABDE9A52071BE0A00638A16 /* XQProjectToolUITests.m */ = {isa = PBXFileReference; lastKnownFileType = sourcecode.c.objc; path = XQProjectToolUITests.m; sourceTree = "<group>"; };
		1ABDE9A72071BE0B00638A16 /* Info.plist */ = {isa = PBXFileReference; lastKnownFileType = text.plist.xml; path = Info.plist; sourceTree = "<group>"; };
		502B2E902B7EA3A08F97D222 /* libPods-XQProjectToolUITests.a */ = {isa = PBXFileReference; explicitFileType = archive.ar; includeInIndex = 0; path = "libPods-XQProjectToolUITests.a"; sourceTree = BUILT_PRODUCTS_DIR; };
		9EAC0534F1CD0B6644D73F19 /* Pods-XQProjectTool.debug.xcconfig */ = {isa = PBXFileReference; includeInIndex = 1; lastKnownFileType = text.xcconfig; name = "Pods-XQProjectTool.debug.xcconfig"; path = "../../XQWorkProject/4.0/Appollo4.0/4.0Project/Pods/Target Support Files/Pods-XQProjectTool/Pods-XQProjectTool.debug.xcconfig"; sourceTree = "<group>"; };
		9FBD3B981A3B077B4CA42DDB /* libPods-XQProjectToolTests.a */ = {isa = PBXFileReference; explicitFileType = archive.ar; includeInIndex = 0; path = "libPods-XQProjectToolTests.a"; sourceTree = BUILT_PRODUCTS_DIR; };
		A444A01022EEBCFB00333E6A /* XQIOSDevice.m */ = {isa = PBXFileReference; fileEncoding = 4; lastKnownFileType = sourcecode.c.objc; path = XQIOSDevice.m; sourceTree = "<group>"; };
		A444A01122EEBCFB00333E6A /* XQIOSDevice.h */ = {isa = PBXFileReference; fileEncoding = 4; lastKnownFileType = sourcecode.c.h; path = XQIOSDevice.h; sourceTree = "<group>"; };
		A444A01422EEBCFB00333E6A /* XQGetAppInfo.m */ = {isa = PBXFileReference; fileEncoding = 4; lastKnownFileType = sourcecode.c.objc; path = XQGetAppInfo.m; sourceTree = "<group>"; };
		A444A01522EEBCFB00333E6A /* XQGetAppInfo.h */ = {isa = PBXFileReference; fileEncoding = 4; lastKnownFileType = sourcecode.c.h; path = XQGetAppInfo.h; sourceTree = "<group>"; };
		A444A01722EEBCFB00333E6A /* XQPermissionJudge.m */ = {isa = PBXFileReference; fileEncoding = 4; lastKnownFileType = sourcecode.c.objc; path = XQPermissionJudge.m; sourceTree = "<group>"; };
		A444A01822EEBCFB00333E6A /* XQPermissionJudge.h */ = {isa = PBXFileReference; fileEncoding = 4; lastKnownFileType = sourcecode.c.h; path = XQPermissionJudge.h; sourceTree = "<group>"; };
		A444A01B22EEBCFB00333E6A /* XQCustomSheetAlertView.m */ = {isa = PBXFileReference; fileEncoding = 4; lastKnownFileType = sourcecode.c.objc; path = XQCustomSheetAlertView.m; sourceTree = "<group>"; };
		A444A01C22EEBCFB00333E6A /* XQCustomSheetAlertViewCell.h */ = {isa = PBXFileReference; fileEncoding = 4; lastKnownFileType = sourcecode.c.h; path = XQCustomSheetAlertViewCell.h; sourceTree = "<group>"; };
		A444A01D22EEBCFB00333E6A /* XQCustomAlertView.m */ = {isa = PBXFileReference; fileEncoding = 4; lastKnownFileType = sourcecode.c.objc; path = XQCustomAlertView.m; sourceTree = "<group>"; };
		A444A01E22EEBCFB00333E6A /* XQCustomSheetAlertTopView.h */ = {isa = PBXFileReference; fileEncoding = 4; lastKnownFileType = sourcecode.c.h; path = XQCustomSheetAlertTopView.h; sourceTree = "<group>"; };
		A444A01F22EEBCFB00333E6A /* XQCustomSheetAlertFooterView.h */ = {isa = PBXFileReference; fileEncoding = 4; lastKnownFileType = sourcecode.c.h; path = XQCustomSheetAlertFooterView.h; sourceTree = "<group>"; };
		A444A02022EEBCFB00333E6A /* XQCustomSheetAlertView.h */ = {isa = PBXFileReference; fileEncoding = 4; lastKnownFileType = sourcecode.c.h; path = XQCustomSheetAlertView.h; sourceTree = "<group>"; };
		A444A02122EEBCFB00333E6A /* XQCustomSheetAlertViewCell.m */ = {isa = PBXFileReference; fileEncoding = 4; lastKnownFileType = sourcecode.c.objc; path = XQCustomSheetAlertViewCell.m; sourceTree = "<group>"; };
		A444A02222EEBCFB00333E6A /* XQCustomSheetAlertViewCell.xib */ = {isa = PBXFileReference; fileEncoding = 4; lastKnownFileType = file.xib; path = XQCustomSheetAlertViewCell.xib; sourceTree = "<group>"; };
		A444A02322EEBCFB00333E6A /* XQCustomSheetAlertTopView.m */ = {isa = PBXFileReference; fileEncoding = 4; lastKnownFileType = sourcecode.c.objc; path = XQCustomSheetAlertTopView.m; sourceTree = "<group>"; };
		A444A02422EEBCFB00333E6A /* XQCustomAlertView.h */ = {isa = PBXFileReference; fileEncoding = 4; lastKnownFileType = sourcecode.c.h; path = XQCustomAlertView.h; sourceTree = "<group>"; };
		A444A02522EEBCFB00333E6A /* XQCustomAlertView.xib */ = {isa = PBXFileReference; fileEncoding = 4; lastKnownFileType = file.xib; path = XQCustomAlertView.xib; sourceTree = "<group>"; };
		A444A02622EEBCFB00333E6A /* XQCustomSheetAlertFooterView.m */ = {isa = PBXFileReference; fileEncoding = 4; lastKnownFileType = sourcecode.c.objc; path = XQCustomSheetAlertFooterView.m; sourceTree = "<group>"; };
		A444A02922EEBCFB00333E6A /* UINavigationBar+ChangeBackColor.h */ = {isa = PBXFileReference; fileEncoding = 4; lastKnownFileType = sourcecode.c.h; path = "UINavigationBar+ChangeBackColor.h"; sourceTree = "<group>"; };
		A444A02A22EEBCFB00333E6A /* UINavigationBar+ChangeBackColor.m */ = {isa = PBXFileReference; fileEncoding = 4; lastKnownFileType = sourcecode.c.objc; path = "UINavigationBar+ChangeBackColor.m"; sourceTree = "<group>"; };
		A444A02C22EEBCFB00333E6A /* XQSuspensionViewTool.h */ = {isa = PBXFileReference; fileEncoding = 4; lastKnownFileType = sourcecode.c.h; path = XQSuspensionViewTool.h; sourceTree = "<group>"; };
		A444A02D22EEBCFB00333E6A /* XQSuspensionView.m */ = {isa = PBXFileReference; fileEncoding = 4; lastKnownFileType = sourcecode.c.objc; path = XQSuspensionView.m; sourceTree = "<group>"; };
		A444A02E22EEBCFB00333E6A /* XQSuspensionViewTool.m */ = {isa = PBXFileReference; fileEncoding = 4; lastKnownFileType = sourcecode.c.objc; path = XQSuspensionViewTool.m; sourceTree = "<group>"; };
		A444A02F22EEBCFB00333E6A /* XQSuspensionView.h */ = {isa = PBXFileReference; fileEncoding = 4; lastKnownFileType = sourcecode.c.h; path = XQSuspensionView.h; sourceTree = "<group>"; };
		A444A03122EEBCFB00333E6A /* XQSystemAlert.m */ = {isa = PBXFileReference; fileEncoding = 4; lastKnownFileType = sourcecode.c.objc; path = XQSystemAlert.m; sourceTree = "<group>"; };
		A444A03222EEBCFB00333E6A /* XQSystemAlert.h */ = {isa = PBXFileReference; fileEncoding = 4; lastKnownFileType = sourcecode.c.h; path = XQSystemAlert.h; sourceTree = "<group>"; };
		A444A03422EEBCFB00333E6A /* XQDirectionButton.m */ = {isa = PBXFileReference; fileEncoding = 4; lastKnownFileType = sourcecode.c.objc; path = XQDirectionButton.m; sourceTree = "<group>"; };
		A444A03522EEBCFB00333E6A /* XQDirectionButton.h */ = {isa = PBXFileReference; fileEncoding = 4; lastKnownFileType = sourcecode.c.h; path = XQDirectionButton.h; sourceTree = "<group>"; };
		B3494BA459B4473D41D67908 /* Pods-XQProjectTool.release.xcconfig */ = {isa = PBXFileReference; includeInIndex = 1; lastKnownFileType = text.xcconfig; name = "Pods-XQProjectTool.release.xcconfig"; path = "../../XQWorkProject/4.0/Appollo4.0/4.0Project/Pods/Target Support Files/Pods-XQProjectTool/Pods-XQProjectTool.release.xcconfig"; sourceTree = "<group>"; };
		E27E9247189B89183582694E /* Pods_XQProjectTool.framework */ = {isa = PBXFileReference; explicitFileType = wrapper.framework; includeInIndex = 0; path = Pods_XQProjectTool.framework; sourceTree = BUILT_PRODUCTS_DIR; };
/* End PBXFileReference section */

/* Begin PBXFrameworksBuildPhase section */
		1ABDE97B2071BE0900638A16 /* Frameworks */ = {
			isa = PBXFrameworksBuildPhase;
			buildActionMask = 2147483647;
			files = (
				9627470FA4D7D964C980363C /* Pods_XQProjectTool.framework in Frameworks */,
			);
			runOnlyForDeploymentPostprocessing = 0;
		};
		1ABDE9932071BE0A00638A16 /* Frameworks */ = {
			isa = PBXFrameworksBuildPhase;
			buildActionMask = 2147483647;
			files = (
			);
			runOnlyForDeploymentPostprocessing = 0;
		};
		1ABDE99E2071BE0A00638A16 /* Frameworks */ = {
			isa = PBXFrameworksBuildPhase;
			buildActionMask = 2147483647;
			files = (
			);
			runOnlyForDeploymentPostprocessing = 0;
		};
/* End PBXFrameworksBuildPhase section */

/* Begin PBXGroup section */
		1ABDE9752071BE0900638A16 = {
			isa = PBXGroup;
			children = (
				1ABDE9802071BE0900638A16 /* XQProjectTool */,
				1ABDE9992071BE0A00638A16 /* XQProjectToolTests */,
				1ABDE9A42071BE0A00638A16 /* XQProjectToolUITests */,
				1ABDE97F2071BE0900638A16 /* Products */,
				B39AB4A9D1E198175C553DE0 /* Pods */,
				AE2101AE77FD96FE89A49768 /* Frameworks */,
			);
			sourceTree = "<group>";
		};
		1ABDE97F2071BE0900638A16 /* Products */ = {
			isa = PBXGroup;
			children = (
				1ABDE97E2071BE0900638A16 /* XQProjectTool.app */,
				1ABDE9962071BE0A00638A16 /* XQProjectToolTests.xctest */,
				1ABDE9A12071BE0A00638A16 /* XQProjectToolUITests.xctest */,
			);
			name = Products;
			sourceTree = "<group>";
		};
		1ABDE9802071BE0900638A16 /* XQProjectTool */ = {
			isa = PBXGroup;
			children = (
				1ABDE9812071BE0900638A16 /* AppDelegate.h */,
				1ABDE9822071BE0900638A16 /* AppDelegate.m */,
				1ABDE9842071BE0900638A16 /* ViewController.h */,
				1ABDE9852071BE0A00638A16 /* ViewController.m */,
				A444A00E22EEBCFB00333E6A /* Tool */,
				A444A01922EEBCFB00333E6A /* UITool */,
				1ABDE9872071BE0A00638A16 /* Main.storyboard */,
				1ABDE98A2071BE0A00638A16 /* Assets.xcassets */,
				1ABDE98C2071BE0A00638A16 /* LaunchScreen.storyboard */,
				1ABDE98F2071BE0A00638A16 /* Info.plist */,
				1ABDE9902071BE0A00638A16 /* main.m */,
			);
			path = XQProjectTool;
			sourceTree = "<group>";
		};
		1ABDE9992071BE0A00638A16 /* XQProjectToolTests */ = {
			isa = PBXGroup;
			children = (
				1ABDE99A2071BE0A00638A16 /* XQProjectToolTests.m */,
				1ABDE99C2071BE0A00638A16 /* Info.plist */,
			);
			path = XQProjectToolTests;
			sourceTree = "<group>";
		};
		1ABDE9A42071BE0A00638A16 /* XQProjectToolUITests */ = {
			isa = PBXGroup;
			children = (
				1ABDE9A52071BE0A00638A16 /* XQProjectToolUITests.m */,
				1ABDE9A72071BE0B00638A16 /* Info.plist */,
			);
			path = XQProjectToolUITests;
			sourceTree = "<group>";
		};
		A444A00E22EEBCFB00333E6A /* Tool */ = {
			isa = PBXGroup;
			children = (
				A444A00F22EEBCFB00333E6A /* XQIOSDevice */,
				A444A01222EEBCFB00333E6A /* Category */,
				A444A01322EEBCFB00333E6A /* XQGetAppInfo */,
				A444A01622EEBCFB00333E6A /* XQPermissionJudge */,
			);
			path = Tool;
			sourceTree = "<group>";
		};
		A444A00F22EEBCFB00333E6A /* XQIOSDevice */ = {
			isa = PBXGroup;
			children = (
				A444A01022EEBCFB00333E6A /* XQIOSDevice.m */,
				A444A01122EEBCFB00333E6A /* XQIOSDevice.h */,
			);
			path = XQIOSDevice;
			sourceTree = "<group>";
		};
		A444A01222EEBCFB00333E6A /* Category */ = {
			isa = PBXGroup;
			children = (
			);
			path = Category;
			sourceTree = "<group>";
		};
		A444A01322EEBCFB00333E6A /* XQGetAppInfo */ = {
			isa = PBXGroup;
			children = (
				A444A01422EEBCFB00333E6A /* XQGetAppInfo.m */,
				A444A01522EEBCFB00333E6A /* XQGetAppInfo.h */,
			);
			path = XQGetAppInfo;
			sourceTree = "<group>";
		};
		A444A01622EEBCFB00333E6A /* XQPermissionJudge */ = {
			isa = PBXGroup;
			children = (
				A444A01722EEBCFB00333E6A /* XQPermissionJudge.m */,
				A444A01822EEBCFB00333E6A /* XQPermissionJudge.h */,
			);
			path = XQPermissionJudge;
			sourceTree = "<group>";
		};
		A444A01922EEBCFB00333E6A /* UITool */ = {
			isa = PBXGroup;
			children = (
				A444A01A22EEBCFB00333E6A /* CustomAlertView */,
				A444A02722EEBCFB00333E6A /* Category */,
				A444A02B22EEBCFB00333E6A /* SuspensionView */,
				A444A03022EEBCFB00333E6A /* XQSystemAlert */,
				A444A03322EEBCFB00333E6A /* XQButton */,
			);
			path = UITool;
			sourceTree = "<group>";
		};
		A444A01A22EEBCFB00333E6A /* CustomAlertView */ = {
			isa = PBXGroup;
			children = (
				A444A01B22EEBCFB00333E6A /* XQCustomSheetAlertView.m */,
				A444A01C22EEBCFB00333E6A /* XQCustomSheetAlertViewCell.h */,
				A444A01D22EEBCFB00333E6A /* XQCustomAlertView.m */,
				A444A01E22EEBCFB00333E6A /* XQCustomSheetAlertTopView.h */,
				A444A01F22EEBCFB00333E6A /* XQCustomSheetAlertFooterView.h */,
				A444A02022EEBCFB00333E6A /* XQCustomSheetAlertView.h */,
				A444A02122EEBCFB00333E6A /* XQCustomSheetAlertViewCell.m */,
				A444A02222EEBCFB00333E6A /* XQCustomSheetAlertViewCell.xib */,
				A444A02322EEBCFB00333E6A /* XQCustomSheetAlertTopView.m */,
				A444A02422EEBCFB00333E6A /* XQCustomAlertView.h */,
				A444A02522EEBCFB00333E6A /* XQCustomAlertView.xib */,
				A444A02622EEBCFB00333E6A /* XQCustomSheetAlertFooterView.m */,
			);
			path = CustomAlertView;
			sourceTree = "<group>";
		};
		A444A02722EEBCFB00333E6A /* Category */ = {
			isa = PBXGroup;
			children = (
				A444A02822EEBCFB00333E6A /* UINavigationBarCategory */,
			);
			path = Category;
			sourceTree = "<group>";
		};
		A444A02822EEBCFB00333E6A /* UINavigationBarCategory */ = {
			isa = PBXGroup;
			children = (
				A444A02922EEBCFB00333E6A /* UINavigationBar+ChangeBackColor.h */,
				A444A02A22EEBCFB00333E6A /* UINavigationBar+ChangeBackColor.m */,
			);
			path = UINavigationBarCategory;
			sourceTree = "<group>";
		};
		A444A02B22EEBCFB00333E6A /* SuspensionView */ = {
			isa = PBXGroup;
			children = (
				A444A02C22EEBCFB00333E6A /* XQSuspensionViewTool.h */,
				A444A02D22EEBCFB00333E6A /* XQSuspensionView.m */,
				A444A02E22EEBCFB00333E6A /* XQSuspensionViewTool.m */,
				A444A02F22EEBCFB00333E6A /* XQSuspensionView.h */,
			);
			path = SuspensionView;
			sourceTree = "<group>";
		};
		A444A03022EEBCFB00333E6A /* XQSystemAlert */ = {
			isa = PBXGroup;
			children = (
				A444A03122EEBCFB00333E6A /* XQSystemAlert.m */,
				A444A03222EEBCFB00333E6A /* XQSystemAlert.h */,
			);
			path = XQSystemAlert;
			sourceTree = "<group>";
		};
		A444A03322EEBCFB00333E6A /* XQButton */ = {
			isa = PBXGroup;
			children = (
				A444A03422EEBCFB00333E6A /* XQDirectionButton.m */,
				A444A03522EEBCFB00333E6A /* XQDirectionButton.h */,
			);
			path = XQButton;
			sourceTree = "<group>";
		};
		AE2101AE77FD96FE89A49768 /* Frameworks */ = {
			isa = PBXGroup;
			children = (
				9FBD3B981A3B077B4CA42DDB /* libPods-XQProjectToolTests.a */,
				502B2E902B7EA3A08F97D222 /* libPods-XQProjectToolUITests.a */,
				E27E9247189B89183582694E /* Pods_XQProjectTool.framework */,
			);
			name = Frameworks;
			sourceTree = "<group>";
		};
		B39AB4A9D1E198175C553DE0 /* Pods */ = {
			isa = PBXGroup;
			children = (
				9EAC0534F1CD0B6644D73F19 /* Pods-XQProjectTool.debug.xcconfig */,
				B3494BA459B4473D41D67908 /* Pods-XQProjectTool.release.xcconfig */,
			);
			name = Pods;
			sourceTree = "<group>";
		};
/* End PBXGroup section */

/* Begin PBXNativeTarget section */
		1ABDE97D2071BE0900638A16 /* XQProjectTool */ = {
			isa = PBXNativeTarget;
			buildConfigurationList = 1ABDE9AA2071BE0B00638A16 /* Build configuration list for PBXNativeTarget "XQProjectTool" */;
			buildPhases = (
				0A9AAAB83E641D9A8AA18A7B /* [CP] Check Pods Manifest.lock */,
				1ABDE97A2071BE0900638A16 /* Sources */,
				1ABDE97B2071BE0900638A16 /* Frameworks */,
				1ABDE97C2071BE0900638A16 /* Resources */,
				BB1DD025DDFFB3A538958C39 /* [CP] Embed Pods Frameworks */,
			);
			buildRules = (
			);
			dependencies = (
			);
			name = XQProjectTool;
			productName = XQProjectTool;
			productReference = 1ABDE97E2071BE0900638A16 /* XQProjectTool.app */;
			productType = "com.apple.product-type.application";
		};
		1ABDE9952071BE0A00638A16 /* XQProjectToolTests */ = {
			isa = PBXNativeTarget;
			buildConfigurationList = 1ABDE9AD2071BE0B00638A16 /* Build configuration list for PBXNativeTarget "XQProjectToolTests" */;
			buildPhases = (
				1ABDE9922071BE0A00638A16 /* Sources */,
				1ABDE9932071BE0A00638A16 /* Frameworks */,
				1ABDE9942071BE0A00638A16 /* Resources */,
			);
			buildRules = (
			);
			dependencies = (
				1ABDE9982071BE0A00638A16 /* PBXTargetDependency */,
			);
			name = XQProjectToolTests;
			productName = XQProjectToolTests;
			productReference = 1ABDE9962071BE0A00638A16 /* XQProjectToolTests.xctest */;
			productType = "com.apple.product-type.bundle.unit-test";
		};
		1ABDE9A02071BE0A00638A16 /* XQProjectToolUITests */ = {
			isa = PBXNativeTarget;
			buildConfigurationList = 1ABDE9B02071BE0B00638A16 /* Build configuration list for PBXNativeTarget "XQProjectToolUITests" */;
			buildPhases = (
				1ABDE99D2071BE0A00638A16 /* Sources */,
				1ABDE99E2071BE0A00638A16 /* Frameworks */,
				1ABDE99F2071BE0A00638A16 /* Resources */,
			);
			buildRules = (
			);
			dependencies = (
				1ABDE9A32071BE0A00638A16 /* PBXTargetDependency */,
			);
			name = XQProjectToolUITests;
			productName = XQProjectToolUITests;
			productReference = 1ABDE9A12071BE0A00638A16 /* XQProjectToolUITests.xctest */;
			productType = "com.apple.product-type.bundle.ui-testing";
		};
/* End PBXNativeTarget section */

/* Begin PBXProject section */
		1ABDE9762071BE0900638A16 /* Project object */ = {
			isa = PBXProject;
			attributes = {
				LastUpgradeCheck = 0930;
				ORGANIZATIONNAME = SyKing;
				TargetAttributes = {
					1ABDE97D2071BE0900638A16 = {
						CreatedOnToolsVersion = 9.2;
						ProvisioningStyle = Automatic;
					};
					1ABDE9952071BE0A00638A16 = {
						CreatedOnToolsVersion = 9.2;
						ProvisioningStyle = Automatic;
						TestTargetID = 1ABDE97D2071BE0900638A16;
					};
					1ABDE9A02071BE0A00638A16 = {
						CreatedOnToolsVersion = 9.2;
						ProvisioningStyle = Automatic;
						TestTargetID = 1ABDE97D2071BE0900638A16;
					};
				};
			};
			buildConfigurationList = 1ABDE9792071BE0900638A16 /* Build configuration list for PBXProject "XQProjectTool" */;
			compatibilityVersion = "Xcode 8.0";
			developmentRegion = en;
			hasScannedForEncodings = 0;
			knownRegions = (
				en,
				Base,
			);
			mainGroup = 1ABDE9752071BE0900638A16;
			productRefGroup = 1ABDE97F2071BE0900638A16 /* Products */;
			projectDirPath = "";
			projectRoot = "";
			targets = (
				1ABDE97D2071BE0900638A16 /* XQProjectTool */,
				1ABDE9952071BE0A00638A16 /* XQProjectToolTests */,
				1ABDE9A02071BE0A00638A16 /* XQProjectToolUITests */,
			);
		};
/* End PBXProject section */

/* Begin PBXResourcesBuildPhase section */
		1ABDE97C2071BE0900638A16 /* Resources */ = {
			isa = PBXResourcesBuildPhase;
			buildActionMask = 2147483647;
			files = (
				1ABDE98E2071BE0A00638A16 /* LaunchScreen.storyboard in Resources */,
				A444A03E22EEBCFB00333E6A /* XQCustomAlertView.xib in Resources */,
				1ABDE98B2071BE0A00638A16 /* Assets.xcassets in Resources */,
				1ABDE9892071BE0A00638A16 /* Main.storyboard in Resources */,
				A444A03C22EEBCFB00333E6A /* XQCustomSheetAlertViewCell.xib in Resources */,
			);
			runOnlyForDeploymentPostprocessing = 0;
		};
		1ABDE9942071BE0A00638A16 /* Resources */ = {
			isa = PBXResourcesBuildPhase;
			buildActionMask = 2147483647;
			files = (
			);
			runOnlyForDeploymentPostprocessing = 0;
		};
		1ABDE99F2071BE0A00638A16 /* Resources */ = {
			isa = PBXResourcesBuildPhase;
			buildActionMask = 2147483647;
			files = (
			);
			runOnlyForDeploymentPostprocessing = 0;
		};
/* End PBXResourcesBuildPhase section */

/* Begin PBXShellScriptBuildPhase section */
		0A9AAAB83E641D9A8AA18A7B /* [CP] Check Pods Manifest.lock */ = {
			isa = PBXShellScriptBuildPhase;
			buildActionMask = 2147483647;
			files = (
			);
			inputPaths = (
				"${PODS_PODFILE_DIR_PATH}/Podfile.lock",
				"${PODS_ROOT}/Manifest.lock",
			);
			name = "[CP] Check Pods Manifest.lock";
			outputPaths = (
				"$(DERIVED_FILE_DIR)/Pods-XQProjectTool-checkManifestLockResult.txt",
			);
			runOnlyForDeploymentPostprocessing = 0;
			shellPath = /bin/sh;
			shellScript = "diff \"${PODS_PODFILE_DIR_PATH}/Podfile.lock\" \"${PODS_ROOT}/Manifest.lock\" > /dev/null\nif [ $? != 0 ] ; then\n    # print error to STDERR\n    echo \"error: The sandbox is not in sync with the Podfile.lock. Run 'pod install' or update your CocoaPods installation.\" >&2\n    exit 1\nfi\n# This output is used by Xcode 'outputs' to avoid re-running this script phase.\necho \"SUCCESS\" > \"${SCRIPT_OUTPUT_FILE_0}\"\n";
			showEnvVarsInLog = 0;
		};
		BB1DD025DDFFB3A538958C39 /* [CP] Embed Pods Frameworks */ = {
			isa = PBXShellScriptBuildPhase;
			buildActionMask = 2147483647;
			files = (
			);
			inputPaths = (
				"${PODS_ROOT}/Target Support Files/Pods-XQProjectTool/Pods-XQProjectTool-frameworks.sh",
				"${BUILT_PRODUCTS_DIR}/Masonry/Masonry.framework",
			);
			name = "[CP] Embed Pods Frameworks";
			outputPaths = (
				"${TARGET_BUILD_DIR}/${FRAMEWORKS_FOLDER_PATH}/Masonry.framework",
			);
			runOnlyForDeploymentPostprocessing = 0;
			shellPath = /bin/sh;
			shellScript = "\"${PODS_ROOT}/Target Support Files/Pods-XQProjectTool/Pods-XQProjectTool-frameworks.sh\"\n";
			showEnvVarsInLog = 0;
		};
/* End PBXShellScriptBuildPhase section */

/* Begin PBXSourcesBuildPhase section */
		1ABDE97A2071BE0900638A16 /* Sources */ = {
			isa = PBXSourcesBuildPhase;
			buildActionMask = 2147483647;
			files = (
				A444A03622EEBCFB00333E6A /* XQIOSDevice.m in Sources */,
				A444A03822EEBCFB00333E6A /* XQPermissionJudge.m in Sources */,
				A444A03722EEBCFB00333E6A /* XQGetAppInfo.m in Sources */,
				1ABDE9862071BE0A00638A16 /* ViewController.m in Sources */,
				A444A04422EEBCFB00333E6A /* XQDirectionButton.m in Sources */,
				A444A03B22EEBCFB00333E6A /* XQCustomSheetAlertViewCell.m in Sources */,
				A444A03922EEBCFB00333E6A /* XQCustomSheetAlertView.m in Sources */,
				A444A03A22EEBCFB00333E6A /* XQCustomAlertView.m in Sources */,
				A444A03D22EEBCFB00333E6A /* XQCustomSheetAlertTopView.m in Sources */,
				A444A04222EEBCFB00333E6A /* XQSuspensionViewTool.m in Sources */,
				A444A04322EEBCFB00333E6A /* XQSystemAlert.m in Sources */,
				A444A04022EEBCFB00333E6A /* UINavigationBar+ChangeBackColor.m in Sources */,
				1ABDE9912071BE0A00638A16 /* main.m in Sources */,
				1ABDE9832071BE0900638A16 /* AppDelegate.m in Sources */,
				A444A04122EEBCFB00333E6A /* XQSuspensionView.m in Sources */,
				A444A03F22EEBCFB00333E6A /* XQCustomSheetAlertFooterView.m in Sources */,
			);
			runOnlyForDeploymentPostprocessing = 0;
		};
		1ABDE9922071BE0A00638A16 /* Sources */ = {
			isa = PBXSourcesBuildPhase;
			buildActionMask = 2147483647;
			files = (
				1ABDE99B2071BE0A00638A16 /* XQProjectToolTests.m in Sources */,
			);
			runOnlyForDeploymentPostprocessing = 0;
		};
		1ABDE99D2071BE0A00638A16 /* Sources */ = {
			isa = PBXSourcesBuildPhase;
			buildActionMask = 2147483647;
			files = (
				1ABDE9A62071BE0A00638A16 /* XQProjectToolUITests.m in Sources */,
			);
			runOnlyForDeploymentPostprocessing = 0;
		};
/* End PBXSourcesBuildPhase section */

/* Begin PBXTargetDependency section */
		1ABDE9982071BE0A00638A16 /* PBXTargetDependency */ = {
			isa = PBXTargetDependency;
			target = 1ABDE97D2071BE0900638A16 /* XQProjectTool */;
			targetProxy = 1ABDE9972071BE0A00638A16 /* PBXContainerItemProxy */;
		};
		1ABDE9A32071BE0A00638A16 /* PBXTargetDependency */ = {
			isa = PBXTargetDependency;
			target = 1ABDE97D2071BE0900638A16 /* XQProjectTool */;
			targetProxy = 1ABDE9A22071BE0A00638A16 /* PBXContainerItemProxy */;
		};
/* End PBXTargetDependency section */

/* Begin PBXVariantGroup section */
		1ABDE9872071BE0A00638A16 /* Main.storyboard */ = {
			isa = PBXVariantGroup;
			children = (
				1ABDE9882071BE0A00638A16 /* Base */,
			);
			name = Main.storyboard;
			sourceTree = "<group>";
		};
		1ABDE98C2071BE0A00638A16 /* LaunchScreen.storyboard */ = {
			isa = PBXVariantGroup;
			children = (
				1ABDE98D2071BE0A00638A16 /* Base */,
			);
			name = LaunchScreen.storyboard;
			sourceTree = "<group>";
		};
/* End PBXVariantGroup section */

/* Begin XCBuildConfiguration section */
		1ABDE9A82071BE0B00638A16 /* Debug */ = {
			isa = XCBuildConfiguration;
			buildSettings = {
				ALWAYS_SEARCH_USER_PATHS = NO;
				CLANG_ANALYZER_NONNULL = YES;
				CLANG_ANALYZER_NUMBER_OBJECT_CONVERSION = YES_AGGRESSIVE;
				CLANG_CXX_LANGUAGE_STANDARD = "gnu++14";
				CLANG_CXX_LIBRARY = "libc++";
				CLANG_ENABLE_MODULES = YES;
				CLANG_ENABLE_OBJC_ARC = YES;
				CLANG_WARN_BLOCK_CAPTURE_AUTORELEASING = YES;
				CLANG_WARN_BOOL_CONVERSION = YES;
				CLANG_WARN_COMMA = YES;
				CLANG_WARN_CONSTANT_CONVERSION = YES;
				CLANG_WARN_DEPRECATED_OBJC_IMPLEMENTATIONS = YES;
				CLANG_WARN_DIRECT_OBJC_ISA_USAGE = YES_ERROR;
				CLANG_WARN_DOCUMENTATION_COMMENTS = YES;
				CLANG_WARN_EMPTY_BODY = YES;
				CLANG_WARN_ENUM_CONVERSION = YES;
				CLANG_WARN_INFINITE_RECURSION = YES;
				CLANG_WARN_INT_CONVERSION = YES;
				CLANG_WARN_NON_LITERAL_NULL_CONVERSION = YES;
				CLANG_WARN_OBJC_IMPLICIT_RETAIN_SELF = YES;
				CLANG_WARN_OBJC_LITERAL_CONVERSION = YES;
				CLANG_WARN_OBJC_ROOT_CLASS = YES_ERROR;
				CLANG_WARN_RANGE_LOOP_ANALYSIS = YES;
				CLANG_WARN_STRICT_PROTOTYPES = YES;
				CLANG_WARN_SUSPICIOUS_MOVE = YES;
				CLANG_WARN_UNGUARDED_AVAILABILITY = YES_AGGRESSIVE;
				CLANG_WARN_UNREACHABLE_CODE = YES;
				CLANG_WARN__DUPLICATE_METHOD_MATCH = YES;
				CODE_SIGN_IDENTITY = "iPhone Developer";
				COPY_PHASE_STRIP = NO;
				DEBUG_INFORMATION_FORMAT = dwarf;
				ENABLE_STRICT_OBJC_MSGSEND = YES;
				ENABLE_TESTABILITY = YES;
				GCC_C_LANGUAGE_STANDARD = gnu11;
				GCC_DYNAMIC_NO_PIC = NO;
				GCC_NO_COMMON_BLOCKS = YES;
				GCC_OPTIMIZATION_LEVEL = 0;
				GCC_PREPROCESSOR_DEFINITIONS = (
					"DEBUG=1",
					"$(inherited)",
				);
				GCC_WARN_64_TO_32_BIT_CONVERSION = YES;
				GCC_WARN_ABOUT_RETURN_TYPE = YES_ERROR;
				GCC_WARN_UNDECLARED_SELECTOR = YES;
				GCC_WARN_UNINITIALIZED_AUTOS = YES_AGGRESSIVE;
				GCC_WARN_UNUSED_FUNCTION = YES;
				GCC_WARN_UNUSED_VARIABLE = YES;
				IPHONEOS_DEPLOYMENT_TARGET = 9.3;
				MTL_ENABLE_DEBUG_INFO = YES;
				ONLY_ACTIVE_ARCH = YES;
				SDKROOT = iphoneos;
			};
			name = Debug;
		};
		1ABDE9A92071BE0B00638A16 /* Release */ = {
			isa = XCBuildConfiguration;
			buildSettings = {
				ALWAYS_SEARCH_USER_PATHS = NO;
				CLANG_ANALYZER_NONNULL = YES;
				CLANG_ANALYZER_NUMBER_OBJECT_CONVERSION = YES_AGGRESSIVE;
				CLANG_CXX_LANGUAGE_STANDARD = "gnu++14";
				CLANG_CXX_LIBRARY = "libc++";
				CLANG_ENABLE_MODULES = YES;
				CLANG_ENABLE_OBJC_ARC = YES;
				CLANG_WARN_BLOCK_CAPTURE_AUTORELEASING = YES;
				CLANG_WARN_BOOL_CONVERSION = YES;
				CLANG_WARN_COMMA = YES;
				CLANG_WARN_CONSTANT_CONVERSION = YES;
				CLANG_WARN_DEPRECATED_OBJC_IMPLEMENTATIONS = YES;
				CLANG_WARN_DIRECT_OBJC_ISA_USAGE = YES_ERROR;
				CLANG_WARN_DOCUMENTATION_COMMENTS = YES;
				CLANG_WARN_EMPTY_BODY = YES;
				CLANG_WARN_ENUM_CONVERSION = YES;
				CLANG_WARN_INFINITE_RECURSION = YES;
				CLANG_WARN_INT_CONVERSION = YES;
				CLANG_WARN_NON_LITERAL_NULL_CONVERSION = YES;
				CLANG_WARN_OBJC_IMPLICIT_RETAIN_SELF = YES;
				CLANG_WARN_OBJC_LITERAL_CONVERSION = YES;
				CLANG_WARN_OBJC_ROOT_CLASS = YES_ERROR;
				CLANG_WARN_RANGE_LOOP_ANALYSIS = YES;
				CLANG_WARN_STRICT_PROTOTYPES = YES;
				CLANG_WARN_SUSPICIOUS_MOVE = YES;
				CLANG_WARN_UNGUARDED_AVAILABILITY = YES_AGGRESSIVE;
				CLANG_WARN_UNREACHABLE_CODE = YES;
				CLANG_WARN__DUPLICATE_METHOD_MATCH = YES;
				CODE_SIGN_IDENTITY = "iPhone Developer";
				COPY_PHASE_STRIP = NO;
				DEBUG_INFORMATION_FORMAT = "dwarf-with-dsym";
				ENABLE_NS_ASSERTIONS = NO;
				ENABLE_STRICT_OBJC_MSGSEND = YES;
				GCC_C_LANGUAGE_STANDARD = gnu11;
				GCC_NO_COMMON_BLOCKS = YES;
				GCC_WARN_64_TO_32_BIT_CONVERSION = YES;
				GCC_WARN_ABOUT_RETURN_TYPE = YES_ERROR;
				GCC_WARN_UNDECLARED_SELECTOR = YES;
				GCC_WARN_UNINITIALIZED_AUTOS = YES_AGGRESSIVE;
				GCC_WARN_UNUSED_FUNCTION = YES;
				GCC_WARN_UNUSED_VARIABLE = YES;
				IPHONEOS_DEPLOYMENT_TARGET = 9.3;
				MTL_ENABLE_DEBUG_INFO = NO;
				SDKROOT = iphoneos;
				VALIDATE_PRODUCT = YES;
			};
			name = Release;
		};
		1ABDE9AB2071BE0B00638A16 /* Debug */ = {
			isa = XCBuildConfiguration;
			baseConfigurationReference = 9EAC0534F1CD0B6644D73F19 /* Pods-XQProjectTool.debug.xcconfig */;
			buildSettings = {
				ASSETCATALOG_COMPILER_APPICON_NAME = AppIcon;
				CODE_SIGN_STYLE = Automatic;
				DEVELOPMENT_TEAM = M7RWURRZ69;
				INFOPLIST_FILE = XQProjectTool/Info.plist;
				IPHONEOS_DEPLOYMENT_TARGET = 9.3;
				LD_RUNPATH_SEARCH_PATHS = "$(inherited) @executable_path/Frameworks";
				PRODUCT_BUNDLE_IDENTIFIER = com.BlueMedia.ConfidenceCat.XQProjectTool;
				PRODUCT_NAME = "$(TARGET_NAME)";
				RUN_CLANG_STATIC_ANALYZER = YES;
				SKIP_INSTALL = YES;
				TARGETED_DEVICE_FAMILY = "1,2";
			};
			name = Debug;
		};
		1ABDE9AC2071BE0B00638A16 /* Release */ = {
			isa = XCBuildConfiguration;
			baseConfigurationReference = B3494BA459B4473D41D67908 /* Pods-XQProjectTool.release.xcconfig */;
			buildSettings = {
				ASSETCATALOG_COMPILER_APPICON_NAME = AppIcon;
				CODE_SIGN_STYLE = Automatic;
				DEVELOPMENT_TEAM = M7RWURRZ69;
				INFOPLIST_FILE = XQProjectTool/Info.plist;
				IPHONEOS_DEPLOYMENT_TARGET = 9.3;
				LD_RUNPATH_SEARCH_PATHS = "$(inherited) @executable_path/Frameworks";
				PRODUCT_BUNDLE_IDENTIFIER = com.BlueMedia.ConfidenceCat.XQProjectTool;
				PRODUCT_NAME = "$(TARGET_NAME)";
				SKIP_INSTALL = YES;
				TARGETED_DEVICE_FAMILY = "1,2";
			};
			name = Release;
		};
		1ABDE9AE2071BE0B00638A16 /* Debug */ = {
			isa = XCBuildConfiguration;
			buildSettings = {
				BUNDLE_LOADER = "$(TEST_HOST)";
				CODE_SIGN_STYLE = Automatic;
				DEVELOPMENT_TEAM = HYE5WA8QEX;
				INFOPLIST_FILE = XQProjectToolTests/Info.plist;
				LD_RUNPATH_SEARCH_PATHS = "$(inherited) @executable_path/Frameworks @loader_path/Frameworks";
				PRODUCT_BUNDLE_IDENTIFIER = com.BlueMedia.ConfidenceCat.XQProjectToolTests;
				PRODUCT_NAME = "$(TARGET_NAME)";
				TARGETED_DEVICE_FAMILY = "1,2";
				TEST_HOST = "$(BUILT_PRODUCTS_DIR)/XQProjectTool.app/XQProjectTool";
			};
			name = Debug;
		};
		1ABDE9AF2071BE0B00638A16 /* Release */ = {
			isa = XCBuildConfiguration;
			buildSettings = {
				BUNDLE_LOADER = "$(TEST_HOST)";
				CODE_SIGN_STYLE = Automatic;
				DEVELOPMENT_TEAM = HYE5WA8QEX;
				INFOPLIST_FILE = XQProjectToolTests/Info.plist;
				LD_RUNPATH_SEARCH_PATHS = "$(inherited) @executable_path/Frameworks @loader_path/Frameworks";
				PRODUCT_BUNDLE_IDENTIFIER = com.BlueMedia.ConfidenceCat.XQProjectToolTests;
				PRODUCT_NAME = "$(TARGET_NAME)";
				TARGETED_DEVICE_FAMILY = "1,2";
				TEST_HOST = "$(BUILT_PRODUCTS_DIR)/XQProjectTool.app/XQProjectTool";
			};
			name = Release;
		};
		1ABDE9B12071BE0B00638A16 /* Debug */ = {
			isa = XCBuildConfiguration;
			buildSettings = {
				CODE_SIGN_STYLE = Automatic;
				DEVELOPMENT_TEAM = HYE5WA8QEX;
				INFOPLIST_FILE = XQProjectToolUITests/Info.plist;
				LD_RUNPATH_SEARCH_PATHS = "$(inherited) @executable_path/Frameworks @loader_path/Frameworks";
				PRODUCT_BUNDLE_IDENTIFIER = com.BlueMedia.ConfidenceCat.XQProjectToolUITests;
				PRODUCT_NAME = "$(TARGET_NAME)";
				TARGETED_DEVICE_FAMILY = "1,2";
				TEST_TARGET_NAME = XQProjectTool;
			};
			name = Debug;
		};
		1ABDE9B22071BE0B00638A16 /* Release */ = {
			isa = XCBuildConfiguration;
			buildSettings = {
				CODE_SIGN_STYLE = Automatic;
				DEVELOPMENT_TEAM = HYE5WA8QEX;
				INFOPLIST_FILE = XQProjectToolUITests/Info.plist;
				LD_RUNPATH_SEARCH_PATHS = "$(inherited) @executable_path/Frameworks @loader_path/Frameworks";
				PRODUCT_BUNDLE_IDENTIFIER = com.BlueMedia.ConfidenceCat.XQProjectToolUITests;
				PRODUCT_NAME = "$(TARGET_NAME)";
				TARGETED_DEVICE_FAMILY = "1,2";
				TEST_TARGET_NAME = XQProjectTool;
			};
			name = Release;
		};
/* End XCBuildConfiguration section */

/* Begin XCConfigurationList section */
		1ABDE9792071BE0900638A16 /* Build configuration list for PBXProject "XQProjectTool" */ = {
			isa = XCConfigurationList;
			buildConfigurations = (
				1ABDE9A82071BE0B00638A16 /* Debug */,
				1ABDE9A92071BE0B00638A16 /* Release */,
			);
			defaultConfigurationIsVisible = 0;
			defaultConfigurationName = Release;
		};
		1ABDE9AA2071BE0B00638A16 /* Build configuration list for PBXNativeTarget "XQProjectTool" */ = {
			isa = XCConfigurationList;
			buildConfigurations = (
				1ABDE9AB2071BE0B00638A16 /* Debug */,
				1ABDE9AC2071BE0B00638A16 /* Release */,
			);
			defaultConfigurationIsVisible = 0;
			defaultConfigurationName = Release;
		};
		1ABDE9AD2071BE0B00638A16 /* Build configuration list for PBXNativeTarget "XQProjectToolTests" */ = {
			isa = XCConfigurationList;
			buildConfigurations = (
				1ABDE9AE2071BE0B00638A16 /* Debug */,
				1ABDE9AF2071BE0B00638A16 /* Release */,
			);
			defaultConfigurationIsVisible = 0;
			defaultConfigurationName = Release;
		};
		1ABDE9B02071BE0B00638A16 /* Build configuration list for PBXNativeTarget "XQProjectToolUITests" */ = {
			isa = XCConfigurationList;
			buildConfigurations = (
				1ABDE9B12071BE0B00638A16 /* Debug */,
				1ABDE9B22071BE0B00638A16 /* Release */,
			);
			defaultConfigurationIsVisible = 0;
			defaultConfigurationName = Release;
		};
/* End XCConfigurationList section */
	};
	rootObject = 1ABDE9762071BE0900638A16 /* Project object */;
}
